version = 1
revision = 3
requires-python = "==3.11.*"
resolution-markers = [
    "sys_platform == 'linux'",
]
supported-markers = [
    "sys_platform == 'linux'",
]

[[package]]
name = "eclipse-zenoh"
version = "1.9.0"
source = { registry = "https://pypi.org/simple" }
sdist = { url = "https://files.pythonhosted.org/packages/d9/42/c8502d0e77f74b9cf4c192a01e620b3d15273d371464485796807d202d9d/eclipse_zenoh-1.9.0.tar.gz", hash = "sha256:b0477ab431132ebfe1096eccac13ea0066d50d1528d726c8872c00e0345070d1", size = 164557, upload-time = "2026-04-10T13:23:35.883Z" }
wheels = [
    { url = "https://files.pythonhosted.org/packages/e7/3b/22b9104b0a022bd2b1627b4866876831585eda2eacb9ca1f3b4b8e847945/eclipse_zenoh-1.9.0-cp39-abi3-linux_armv6l.whl", hash = "sha256:15b6f37c407617ea4de32d32835cbcab4d1a116b892477490fc6c10a7d27c73b", size = 10664168, upload-time = "2026-04-10T13:23:15.008Z" },
    { url = "https://files.pythonhosted.org/packages/27/57/28e66893801b63df36fea355a64b6fc22637e1148a952ee11e3039ae955e/eclipse_zenoh-1.9.0-cp39-abi3-manylinux_2_17_armv7l.manylinux2014_armv7l.whl", hash = "sha256:949d82851bc9e3ad646fd1307ee544ed23359dcfd18d4065075fc592f6ab6fa7", size = 10517069, upload-time = "2026-04-10T13:23:23.053Z" },
    { url = "https://files.pythonhosted.org/packages/f0/2f/be614f1f7f4e046da2764cd36227d19db3655839219744ce7a12e6e2dae6/eclipse_zenoh-1.9.0-cp39-abi3-manylinux_2_17_i686.manylinux2014_i686.whl", hash = "sha256:3a1fe847225cda21e3e74677cfd4ddfd2e72600d5a56968d4229d981c67f78d4", size = 11580068, upload-time = "2026-04-10T13:23:25.594Z" },
    { url = "https://files.pythonhosted.org/packages/58/1b/2a074d4f4595bd37c3d12f1b2ad49bceef5c8cd0962cbfd97d1d39f32e1f/eclipse_zenoh-1.9.0-cp39-abi3-manylinux_2_17_x86_64.manylinux2014_x86_64.whl", hash = "sha256:43299593891cfd648bca4b2aa00f3dca916508a49a0c9e6960902e6e867b247e", size = 10537556, upload-time = "2026-04-10T13:23:28.414Z" },
    { url = "https://files.pythonhosted.org/packages/ab/33/c3116f1bf7647ee0ea8972efbe0fe5710ae75ea7226440a8fda7f04a4cbc/eclipse_zenoh-1.9.0-cp39-abi3-manylinux_2_28_aarch64.whl", hash = "sha256:8c139a43706c8ff3c94fa625008af8667687c161a8395ad1fa3faff29c16fae4", size = 10721249, upload-time = "2026-04-10T13:23:30.843Z" },
]

[[package]]
name = "h5py"
version = "3.16.0"
source = { registry = "https://pypi.org/simple" }
dependencies = [
    { name = "numpy", marker = "sys_platform == 'linux'" },
]
sdist = { url = "https://files.pythonhosted.org/packages/db/33/acd0ce6863b6c0d7735007df01815403f5589a21ff8c2e1ee2587a38f548/h5py-3.16.0.tar.gz", hash = "sha256:a0dbaad796840ccaa67a4c144a0d0c8080073c34c76d5a6941d6818678ef2738", size = 446526, upload-time = "2026-03-06T13:49:08.07Z" }
wheels = [
    { url = "https://files.pythonhosted.org/packages/98/a8/2594cef906aee761601eff842c7dc598bea2b394a3e1c00966832b8eeb7c/h5py-3.16.0-cp311-cp311-manylinux_2_28_aarch64.whl", hash = "sha256:a6fbc5367d4046801f9b7db9191b31895f22f1c6df1f9987d667854cac493538", size = 4823472, upload-time = "2026-03-06T13:47:53.085Z" },
    { url = "https://files.pythonhosted.org/packages/52/a0/c1f604538ff6db22a0690be2dc44ab59178e115f63c917794e529356ab23/h5py-3.16.0-cp311-cp311-manylinux_2_28_x86_64.whl", hash = "sha256:fb1720028d99040792bb2fb31facb8da44a6f29df7697e0b84f0d79aff2e9bd3", size = 5027150, upload-time = "2026-03-06T13:47:55.043Z" },
    { url = "https://files.pythonhosted.org/packages/2e/fd/301739083c2fc4fd89950f9bcfce75d6e14b40b0ca3d40e48a8993d1722c/h5py-3.16.0-cp311-cp311-musllinux_1_2_aarch64.whl", hash = "sha256:314b6054fe0b1051c2b0cb2df5cbdab15622fb05e80f202e3b6a5eee0d6fe365", size = 4814544, upload-time = "2026-03-06T13:47:56.893Z" },
    { url = "https://files.pythonhosted.org/packages/4c/42/2193ed41ccee78baba8fcc0cff2c925b8b9ee3793305b23e1f22c20bf4c7/h5py-3.16.0-cp311-cp311-musllinux_1_2_x86_64.whl", hash = "sha256:ffbab2fedd6581f6aa31cf1639ca2cb86e02779de525667892ebf4cc9fd26434", size = 5034013, upload-time = "2026-03-06T13:47:59.01Z" },
]

[[package]]
name = "i4h-common"
version = "0.1.0"
source = { editable = "../../common" }
dependencies = [
    { name = "eclipse-zenoh", marker = "sys_platform == 'linux'" },
    { name = "h5py", marker = "sys_platform == 'linux'" },
    { name = "msgpack", marker = "sys_platform == 'linux'" },
    { name = "numpy", marker = "sys_platform == 'linux'" },
    { name = "pyyaml", marker = "sys_platform == 'linux'" },
]

[package.metadata]
requires-dist = [
    { name = "eclipse-zenoh" },
    { name = "h5py", specifier = ">=3.10" },
    { name = "msgpack", specifier = ">=1.0" },
    { name = "numpy", specifier = ">=1.23.5,<3" },
    { name = "pytest", marker = "extra == 'dev'", specifier = ">=8.0" },
    { name = "pyyaml", specifier = ">=6.0" },
]
provides-extras = ["dev"]

[[package]]
name = "i4h-tools-mimic"
version = "0.1.0"
source = { editable = "." }
dependencies = [
    { name = "i4h-common", marker = "sys_platform == 'linux'" },
    { name = "numpy", marker = "sys_platform == 'linux'" },
    { name = "tqdm", marker = "sys_platform == 'linux'" },
]

[package.optional-dependencies]
dev = [
    { name = "pytest", marker = "sys_platform == 'linux'" },
]

[package.metadata]
requires-dist = [
    { name = "i4h-common", editable = "../../common" },
    { name = "numpy", specifier = ">=1.23.5,<2" },
    { name = "pytest", marker = "extra == 'dev'", specifier = ">=8.0" },
    { name = "tqdm", specifier = ">=4.66" },
]
provides-extras = ["dev"]

[[package]]
name = "iniconfig"
version = "2.3.0"
source = { registry = "https://pypi.org/simple" }
sdist = { url = "https://files.pythonhosted.org/packages/72/34/14ca021ce8e5dfedc35312d08ba8bf51fdd999c576889fc2c24cb97f4f10/iniconfig-2.3.0.tar.gz", hash = "sha256:c76315c77db068650d49c5b56314774a7804df16fee4402c1f19d6d15d8c4730", size = 20503, upload-time = "2025-10-18T21:55:43.219Z" }
wheels = [
    { url = "https://files.pythonhosted.org/packages/cb/b1/3846dd7f199d53cb17f49cba7e651e9ce294d8497c8c150530ed11865bb8/iniconfig-2.3.0-py3-none-any.whl", hash = "sha256:f631c04d2c48c52b84d0d0549c99ff3859c98df65b3101406327ecc7d53fbf12", size = 7484, upload-time = "2025-10-18T21:55:41.639Z" },
]

[[package]]
name = "msgpack"
version = "1.2.1"
source = { registry = "https://pypi.org/simple" }
sdist = { url = "https://files.pythonhosted.org/packages/31/f9/c0a1c127f9049db9155afc316952ea571720dd01833ff5e4d7e8e6352dbb/msgpack-1.2.1.tar.gz", hash = "sha256:04c721c2c7448767e9e3f2520a475663d8ee0f09c31890f6d2bd70fd636a9647", size = 183960, upload-time = "2026-06-18T16:13:52.594Z" }
wheels = [
    { url = "https://files.pythonhosted.org/packages/70/e0/7ba9e1542bf0771a27b8b37c1316e3f95ae9d748fd765284655c476ad4ef/msgpack-1.2.1-cp311-cp311-manylinux2014_aarch64.manylinux_2_17_aarch64.manylinux_2_28_aarch64.whl", hash = "sha256:146ee4e9ce80b365c6d4c47073da9da7bcec473e58194ceee5dd7620ace77e06", size = 414233, upload-time = "2026-06-18T16:12:47.029Z" },
    { url = "https://files.pythonhosted.org/packages/03/8d/671d81534ea0e2b0e8a121be100020da09eb78861fe3aa8f3ef7dcd3bed1/msgpack-1.2.1-cp311-cp311-manylinux2014_x86_64.manylinux_2_17_x86_64.manylinux_2_28_x86_64.whl", hash = "sha256:a28d076ca7c82b9c8728ad90b7147489449557038bed50e4241eb832395169b4", size = 423843, upload-time = "2026-06-18T16:12:48.19Z" },
    { url = "https://files.pythonhosted.org/packages/d2/b6/e5c737515ed1f166664b87601b532f58cbb73d8aa6a90b99f7c2c5037e8e/msgpack-1.2.1-cp311-cp311-manylinux_2_31_riscv64.manylinux_2_39_riscv64.whl", hash = "sha256:7d31c0ac0c640f877804c67cb2bc9f4e23dc2db97e96c2e67fa27d38283b41f8", size = 390772, upload-time = "2026-06-18T16:12:49.624Z" },
    { url = "https://files.pythonhosted.org/packages/a8/46/62ed8c2e87d7021eab19921594d961ef3aa3794eec76c716dc30f3bfd433/msgpack-1.2.1-cp311-cp311-musllinux_1_2_aarch64.whl", hash = "sha256:8ff92d7feeaf5bc26c51495b69e2f99ed97ab79346fb6555f44be7dd2ac6503b", size = 409559, upload-time = "2026-06-18T16:12:50.936Z" },
    { url = "https://files.pythonhosted.org/packages/70/ff/59aa3887b860bbf43532835e192b1c388a17590d6068ae4f8b2bc74c906e/msgpack-1.2.1-cp311-cp311-musllinux_1_2_riscv64.whl", hash = "sha256:779197a6513bab3c3632265e3d0f7cb3227e62510841a6f34f1eaa37efbb345e", size = 387838, upload-time = "2026-06-18T16:12:52.161Z" },
    { url = "https://files.pythonhosted.org/packages/09/11/f8563e471093420cf6478cb3271a0175d8402b82d879783d4035d2d03360/msgpack-1.2.1-cp311-cp311-musllinux_1_2_x86_64.whl", hash = "sha256:67f6dd22fa72a93752643f07889796d62739a13415ee630169a8ce764f86cf9f", size = 421732, upload-time = "2026-06-18T16:12:53.556Z" },
]

[[package]]
name = "numpy"
version = "1.26.4"
source = { registry = "https://pypi.org/simple" }
sdist = { url = "https://files.pythonhosted.org/packages/65/6e/09db70a523a96d25e115e71cc56a6f9031e7b8cd166c1ac8438307c14058/numpy-1.26.4.tar.gz", hash = "sha256:2a02aba9ed12e4ac4eb3ea9421c420301a0c6460d9830d74a9df87efa4912010", size = 15786129, upload-time = "2024-02-06T00:26:44.495Z" }
wheels = [
    { url = "https://files.pythonhosted.org/packages/79/ae/7e5b85136806f9dadf4878bf73cf223fe5c2636818ba3ab1c585d0403164/numpy-1.26.4-cp311-cp311-manylinux_2_17_aarch64.manylinux2014_aarch64.whl", hash = "sha256:7ab55401287bfec946ced39700c053796e7cc0e3acbef09993a9ad2adba6ca6e", size = 14222994, upload-time = "2024-02-05T23:52:47.569Z" },
    { url = "https://files.pythonhosted.org/packages/3a/d0/edc009c27b406c4f9cbc79274d6e46d634d139075492ad055e3d68445925/numpy-1.26.4-cp311-cp311-manylinux_2_17_x86_64.manylinux2014_x86_64.whl", hash = "sha256:666dbfb6ec68962c033a450943ded891bed2d54e6755e35e5835d63f4f6931d5", size = 18252005, upload-time = "2024-02-05T23:53:15.637Z" },
    { url = "https://files.pythonhosted.org/packages/09/bf/2b1aaf8f525f2923ff6cfcf134ae5e750e279ac65ebf386c75a0cf6da06a/numpy-1.26.4-cp311-cp311-musllinux_1_1_aarch64.whl", hash = "sha256:96ff0b2ad353d8f990b63294c8986f1ec3cb19d749234014f4e7eb0112ceba5a", size = 13885297, upload-time = "2024-02-05T23:53:42.16Z" },
    { url = "https://files.pythonhosted.org/packages/df/a0/4e0f14d847cfc2a633a1c8621d00724f3206cfeddeb66d35698c4e2cf3d2/numpy-1.26.4-cp311-cp311-musllinux_1_1_x86_64.whl", hash = "sha256:60dedbb91afcbfdc9bc0b1f3f402804070deed7392c23eb7a7f07fa857868e8a", size = 18093567, upload-time = "2024-02-05T23:54:11.696Z" },
]

[[package]]
name = "packaging"
version = "26.2"
source = { registry = "https://pypi.org/simple" }
sdist = { url = "https://files.pythonhosted.org/packages/d7/f1/e7a6dd94a8d4a5626c03e4e99c87f241ba9e350cd9e6d75123f992427270/packaging-26.2.tar.gz", hash = "sha256:ff452ff5a3e828ce110190feff1178bb1f2ea2281fa2075aadb987c2fb221661", size = 228134, upload-time = "2026-04-24T20:15:23.917Z" }
wheels = [
    { url = "https://files.pythonhosted.org/packages/df/b2/87e62e8c3e2f4b32e5fe99e0b86d576da1312593b39f47d8ceef365e95ed/packaging-26.2-py3-none-any.whl", hash = "sha256:5fc45236b9446107ff2415ce77c807cee2862cb6fac22b8a73826d0693b0980e", size = 100195, upload-time = "2026-04-24T20:15:22.081Z" },
]

[[package]]
name = "pluggy"
version = "1.6.0"
source = { registry = "https://pypi.org/simple" }
sdist = { url = "https://files.pythonhosted.org/packages/f9/e2/3e91f31a7d2b083fe6ef3fa267035b518369d9511ffab804f839851d2779/pluggy-1.6.0.tar.gz", hash = "sha256:7dcc130b76258d33b90f61b658791dede3486c3e6bfb003ee5c9bfb396dd22f3", size = 69412, upload-time = "2025-05-15T12:30:07.975Z" }
wheels = [
    { url = "https://files.pythonhosted.org/packages/54/20/4d324d65cc6d9205fabedc306948156824eb9f0ee1633355a8f7ec5c66bf/pluggy-1.6.0-py3-none-any.whl", hash = "sha256:e920276dd6813095e9377c0bc5566d94c932c33b27a3e3945d8389c374dd4746", size = 20538, upload-time = "2025-05-15T12:30:06.134Z" },
]

[[package]]
name = "pygments"
version = "2.20.0"
source = { registry = "https://pypi.org/simple" }
sdist = { url = "https://files.pythonhosted.org/packages/c3/b2/bc9c9196916376152d655522fdcebac55e66de6603a76a02bca1b6414f6c/pygments-2.20.0.tar.gz", hash = "sha256:6757cd03768053ff99f3039c1a36d6c0aa0b263438fcab17520b30a303a82b5f", size = 4955991, upload-time = "2026-03-29T13:29:33.898Z" }
wheels = [
    { url = "https://files.pythonhosted.org/packages/f4/7e/a72dd26f3b0f4f2bf1dd8923c85f7ceb43172af56d63c7383eb62b332364/pygments-2.20.0-py3-none-any.whl", hash = "sha256:81a9e26dd42fd28a23a2d169d86d7ac03b46e2f8b59ed4698fb4785f946d0176", size = 1231151, upload-time = "2026-03-29T13:29:30.038Z" },
]

[[package]]
name = "pytest"
version = "9.1.1"
source = { registry = "https://pypi.org/simple" }
dependencies = [
    { name = "iniconfig", marker = "sys_platform == 'linux'" },
    { name = "packaging", marker = "sys_platform == 'linux'" },
    { name = "pluggy", marker = "sys_platform == 'linux'" },
    { name = "pygments", marker = "sys_platform == 'linux'" },
]
sdist = { url = "https://files.pythonhosted.org/packages/e4/47/b9efed96c114afcfa3c9d3fe98a76a1d14c74a9e266d397cf6eb64be5e01/pytest-9.1.1.tar.gz", hash = "sha256:1088fbde8f2b49d95a549a195707afa7a76a3ce9bcadc26b6d71f0ffda5fe313", size = 1636369, upload-time = "2026-06-19T10:58:32.857Z" }
wheels = [
    { url = "https://files.pythonhosted.org/packages/24/25/1de2678b631f5a49215c6c96fff41ba892b0a34df68d6d80292b1b48aa7f/pytest-9.1.1-py3-none-any.whl", hash = "sha256:37a86b45efb9a47a61a36449063e8e18d0cab3161329fc099eb21783169c4f0c", size = 386536, upload-time = "2026-06-19T10:58:31.347Z" },
]

[[package]]
name = "pyyaml"
version = "6.0.3"
source = { registry = "https://pypi.org/simple" }
sdist = { url = "https://files.pythonhosted.org/packages/05/8e/961c0007c59b8dd7729d542c61a4d537767a59645b82a0b521206e1e25c2/pyyaml-6.0.3.tar.gz", hash = "sha256:d76623373421df22fb4cf8817020cbb7ef15c725b9d5e45f17e189bfc384190f", size = 130960, upload-time = "2025-09-25T21:33:16.546Z" }
wheels = [
    { url = "https://files.pythonhosted.org/packages/0c/62/d2eb46264d4b157dae1275b573017abec435397aa59cbcdab6fc978a8af4/pyyaml-6.0.3-cp311-cp311-manylinux2014_aarch64.manylinux_2_17_aarch64.manylinux_2_28_aarch64.whl", hash = "sha256:10892704fc220243f5305762e276552a0395f7beb4dbf9b14ec8fd43b57f126c", size = 775556, upload-time = "2025-09-25T21:32:01.31Z" },
    { url = "https://files.pythonhosted.org/packages/10/cb/16c3f2cf3266edd25aaa00d6c4350381c8b012ed6f5276675b9eba8d9ff4/pyyaml-6.0.3-cp311-cp311-manylinux2014_s390x.manylinux_2_17_s390x.manylinux_2_28_s390x.whl", hash = "sha256:850774a7879607d3a6f50d36d04f00ee69e7fc816450e5f7e58d7f17f1ae5c00", size = 882114, upload-time = "2025-09-25T21:32:03.376Z" },
    { url = "https://files.pythonhosted.org/packages/71/60/917329f640924b18ff085ab889a11c763e0b573da888e8404ff486657602/pyyaml-6.0.3-cp311-cp311-manylinux2014_x86_64.manylinux_2_17_x86_64.manylinux_2_28_x86_64.whl", hash = "sha256:b8bb0864c5a28024fac8a632c443c87c5aa6f215c0b126c449ae1a150412f31d", size = 806638, upload-time = "2025-09-25T21:32:04.553Z" },
    { url = "https://files.pythonhosted.org/packages/dd/6f/529b0f316a9fd167281a6c3826b5583e6192dba792dd55e3203d3f8e655a/pyyaml-6.0.3-cp311-cp311-musllinux_1_2_aarch64.whl", hash = "sha256:1d37d57ad971609cf3c53ba6a7e365e40660e3be0e5175fa9f2365a379d6095a", size = 767463, upload-time = "2025-09-25T21:32:06.152Z" },
    { url = "https://files.pythonhosted.org/packages/f2/6a/b627b4e0c1dd03718543519ffb2f1deea4a1e6d42fbab8021936a4d22589/pyyaml-6.0.3-cp311-cp311-musllinux_1_2_x86_64.whl", hash = "sha256:37503bfbfc9d2c40b344d06b2199cf0e96e97957ab1c1b546fd4f87e53e5d3e4", size = 794986, upload-time = "2025-09-25T21:32:07.367Z" },
]

[[package]]
name = "tqdm"
version = "4.70.0"
source = { registry = "https://pypi.org/simple" }
sdist = { url = "https://files.pythonhosted.org/packages/21/3b/6c24bec5be5e743ffd99576daa5cc077722fc7d5bbc00bd133fa0c698dc6/tqdm-4.70.0.tar.gz", hash = "sha256:55b0b0dbd97462d06ebee91e4dac24ed4d4702be82b24f07e6c1d27e08cea220", size = 795438, upload-time = "2026-07-27T11:33:15.271Z" }
wheels = [
    { url = "https://files.pythonhosted.org/packages/f9/1c/01bfd571a64e7f270e6bab5e33777debe0edc56759233ce84f27dec92d14/tqdm-4.70.0-py3-none-any.whl", hash = "sha256:7f585706bfddbdebf89daac705b2dfcc16890130727d3197ca62c732b4310953", size = 80184, upload-time = "2026-07-27T11:33:13.167Z" },
]
