version = 1
revision = 3
requires-python = "==3.11.*"
resolution-markers = [
    "sys_platform == 'linux'",
]
supported-markers = [
    "sys_platform == 'linux'",
]

[[package]]
name = "eclipse-zenoh"
version = "1.9.0"
source = { registry = "https://pypi.org/simple" }
sdist = { url = "https://files.pythonhosted.org/packages/d9/42/c8502d0e77f74b9cf4c192a01e620b3d15273d371464485796807d202d9d/eclipse_zenoh-1.9.0.tar.gz", hash = "sha256:b0477ab431132ebfe1096eccac13ea0066d50d1528d726c8872c00e0345070d1", size = 164557, upload-time = "2026-04-10T13:23:35.883Z" }
wheels = [
    { url = "https://files.pythonhosted.org/packages/e7/3b/22b9104b0a022bd2b1627b4866876831585eda2eacb9ca1f3b4b8e847945/eclipse_zenoh-1.9.0-cp39-abi3-linux_armv6l.whl", hash = "sha256:15b6f37c407617ea4de32d32835cbcab4d1a116b892477490fc6c10a7d27c73b", size = 10664168, upload-time = "2026-04-10T13:23:15.008Z" },
    { url = "https://files.pythonhosted.org/packages/27/57/28e66893801b63df36fea355a64b6fc22637e1148a952ee11e3039ae955e/eclipse_zenoh-1.9.0-cp39-abi3-manylinux_2_17_armv7l.manylinux2014_armv7l.whl", hash = "sha256:949d82851bc9e3ad646fd1307ee544ed23359dcfd18d4065075fc592f6ab6fa7", size = 10517069, upload-time = "2026-04-10T13:23:23.053Z" },
    { url = "https://files.pythonhosted.org/packages/f0/2f/be614f1f7f4e046da2764cd36227d19db3655839219744ce7a12e6e2dae6/eclipse_zenoh-1.9.0-cp39-abi3-manylinux_2_17_i686.manylinux2014_i686.whl", hash = "sha256:3a1fe847225cda21e3e74677cfd4ddfd2e72600d5a56968d4229d981c67f78d4", size = 11580068, upload-time = "2026-04-10T13:23:25.594Z" },
    { url = "https://files.pythonhosted.org/packages/58/1b/2a074d4f4595bd37c3d12f1b2ad49bceef5c8cd0962cbfd97d1d39f32e1f/eclipse_zenoh-1.9.0-cp39-abi3-manylinux_2_17_x86_64.manylinux2014_x86_64.whl", hash = "sha256:43299593891cfd648bca4b2aa00f3dca916508a49a0c9e6960902e6e867b247e", size = 10537556, upload-time = "2026-04-10T13:23:28.414Z" },
    { url = "https://files.pythonhosted.org/packages/ab/33/c3116f1bf7647ee0ea8972efbe0fe5710ae75ea7226440a8fda7f04a4cbc/eclipse_zenoh-1.9.0-cp39-abi3-manylinux_2_28_aarch64.whl", hash = "sha256:8c139a43706c8ff3c94fa625008af8667687c161a8395ad1fa3faff29c16fae4", size = 10721249, upload-time = "2026-04-10T13:23:30.843Z" },
]

[[package]]
name = "h5py"
version = "3.16.0"
source = { registry = "https://pypi.org/simple" }
dependencies = [
    { name = "numpy", marker = "sys_platform == 'linux'" },
]
sdist = { url = "https://files.pythonhosted.org/packages/db/33/acd0ce6863b6c0d7735007df01815403f5589a21ff8c2e1ee2587a38f548/h5py-3.16.0.tar.gz", hash = "sha256:a0dbaad796840ccaa67a4c144a0d0c8080073c34c76d5a6941d6818678ef2738", size = 446526, upload-time = "2026-03-06T13:49:08.07Z" }
wheels = [
    { url = "https://files.pythonhosted.org/packages/98/a8/2594cef906aee761601eff842c7dc598bea2b394a3e1c00966832b8eeb7c/h5py-3.16.0-cp311-cp311-manylinux_2_28_aarch64.whl", hash = "sha256:a6fbc5367d4046801f9b7db9191b31895f22f1c6df1f9987d667854cac493538", size = 4823472, upload-time = "2026-03-06T13:47:53.085Z" },
    { url = "https://files.pythonhosted.org/packages/52/a0/c1f604538ff6db22a0690be2dc44ab59178e115f63c917794e529356ab23/h5py-3.16.0-cp311-cp311-manylinux_2_28_x86_64.whl", hash = "sha256:fb1720028d99040792bb2fb31facb8da44a6f29df7697e0b84f0d79aff2e9bd3", size = 5027150, upload-time = "2026-03-06T13:47:55.043Z" },
    { url = "https://files.pythonhosted.org/packages/2e/fd/301739083c2fc4fd89950f9bcfce75d6e14b40b0ca3d40e48a8993d1722c/h5py-3.16.0-cp311-cp311-musllinux_1_2_aarch64.whl", hash = "sha256:314b6054fe0b1051c2b0cb2df5cbdab15622fb05e80f202e3b6a5eee0d6fe365", size = 4814544, upload-time = "2026-03-06T13:47:56.893Z" },
    { url = "https://files.pythonhosted.org/packages/4c/42/2193ed41ccee78baba8fcc0cff2c925b8b9ee3793305b23e1f22c20bf4c7/h5py-3.16.0-cp311-cp311-musllinux_1_2_x86_64.whl", hash = "sha256:ffbab2fedd6581f6aa31cf1639ca2cb86e02779de525667892ebf4cc9fd26434", size = 5034013, upload-time = "2026-03-06T13:47:59.01Z" },
]

[[package]]
name = "i4h-agentic-common"
version = "0.1.0"
source = { editable = "../common" }
dependencies = [
    { name = "eclipse-zenoh", marker = "sys_platform == 'linux'" },
    { name = "msgpack", marker = "sys_platform == 'linux'" },
    { name = "numpy", marker = "sys_platform == 'linux'" },
    { name = "pyyaml", marker = "sys_platform == 'linux'" },
]

[package.metadata]
requires-dist = [
    { name = "eclipse-zenoh" },
    { name = "msgpack", specifier = ">=1.0" },
    { name = "numpy", specifier = ">=1.23.5,<2" },
    { name = "pyyaml", specifier = ">=6.0" },
]

[[package]]
name = "i4h-agentic-mimic"
version = "0.1.0"
source = { editable = "." }
dependencies = [
    { name = "h5py", marker = "sys_platform == 'linux'" },
    { name = "i4h-agentic-common", marker = "sys_platform == 'linux'" },
    { name = "numpy", marker = "sys_platform == 'linux'" },
    { name = "pyyaml", marker = "sys_platform == 'linux'" },
    { name = "tqdm", marker = "sys_platform == 'linux'" },
]

[package.metadata]
requires-dist = [
    { name = "h5py", specifier = ">=3.10" },
    { name = "i4h-agentic-common", editable = "../common" },
    { name = "numpy", specifier = ">=1.23.5,<2" },
    { name = "pyyaml", specifier = ">=6.0" },
    { name = "tqdm", specifier = ">=4.66" },
]

[[package]]
name = "msgpack"
version = "1.1.2"
source = { registry = "https://pypi.org/simple" }
sdist = { url = "https://files.pythonhosted.org/packages/4d/f2/bfb55a6236ed8725a96b0aa3acbd0ec17588e6a2c3b62a93eb513ed8783f/msgpack-1.1.2.tar.gz", hash = "sha256:3b60763c1373dd60f398488069bcdc703cd08a711477b5d480eecc9f9626f47e", size = 173581, upload-time = "2025-10-08T09:15:56.596Z" }
wheels = [
    { url = "https://files.pythonhosted.org/packages/71/46/b817349db6886d79e57a966346cf0902a426375aadc1e8e7a86a75e22f19/msgpack-1.1.2-cp311-cp311-manylinux2014_aarch64.manylinux_2_17_aarch64.manylinux_2_28_aarch64.whl", hash = "sha256:61c8aa3bd513d87c72ed0b37b53dd5c5a0f58f2ff9f26e1555d3bd7948fb7296", size = 416962, upload-time = "2025-10-08T09:14:51.997Z" },
    { url = "https://files.pythonhosted.org/packages/da/e0/6cc2e852837cd6086fe7d8406af4294e66827a60a4cf60b86575a4a65ca8/msgpack-1.1.2-cp311-cp311-manylinux2014_x86_64.manylinux_2_17_x86_64.manylinux_2_28_x86_64.whl", hash = "sha256:454e29e186285d2ebe65be34629fa0e8605202c60fbc7c4c650ccd41870896ef", size = 426183, upload-time = "2025-10-08T09:14:53.477Z" },
    { url = "https://files.pythonhosted.org/packages/25/98/6a19f030b3d2ea906696cedd1eb251708e50a5891d0978b012cb6107234c/msgpack-1.1.2-cp311-cp311-musllinux_1_2_aarch64.whl", hash = "sha256:7bc8813f88417599564fafa59fd6f95be417179f76b40325b500b3c98409757c", size = 411454, upload-time = "2025-10-08T09:14:54.648Z" },
    { url = "https://files.pythonhosted.org/packages/b7/cd/9098fcb6adb32187a70b7ecaabf6339da50553351558f37600e53a4a2a23/msgpack-1.1.2-cp311-cp311-musllinux_1_2_x86_64.whl", hash = "sha256:bafca952dc13907bdfdedfc6a5f579bf4f292bdd506fadb38389afa3ac5b208e", size = 422341, upload-time = "2025-10-08T09:14:56.328Z" },
]

[[package]]
name = "numpy"
version = "1.26.4"
source = { registry = "https://pypi.org/simple" }
sdist = { url = "https://files.pythonhosted.org/packages/65/6e/09db70a523a96d25e115e71cc56a6f9031e7b8cd166c1ac8438307c14058/numpy-1.26.4.tar.gz", hash = "sha256:2a02aba9ed12e4ac4eb3ea9421c420301a0c6460d9830d74a9df87efa4912010", size = 15786129, upload-time = "2024-02-06T00:26:44.495Z" }
wheels = [
    { url = "https://files.pythonhosted.org/packages/79/ae/7e5b85136806f9dadf4878bf73cf223fe5c2636818ba3ab1c585d0403164/numpy-1.26.4-cp311-cp311-manylinux_2_17_aarch64.manylinux2014_aarch64.whl", hash = "sha256:7ab55401287bfec946ced39700c053796e7cc0e3acbef09993a9ad2adba6ca6e", size = 14222994, upload-time = "2024-02-05T23:52:47.569Z" },
    { url = "https://files.pythonhosted.org/packages/3a/d0/edc009c27b406c4f9cbc79274d6e46d634d139075492ad055e3d68445925/numpy-1.26.4-cp311-cp311-manylinux_2_17_x86_64.manylinux2014_x86_64.whl", hash = "sha256:666dbfb6ec68962c033a450943ded891bed2d54e6755e35e5835d63f4f6931d5", size = 18252005, upload-time = "2024-02-05T23:53:15.637Z" },
    { url = "https://files.pythonhosted.org/packages/09/bf/2b1aaf8f525f2923ff6cfcf134ae5e750e279ac65ebf386c75a0cf6da06a/numpy-1.26.4-cp311-cp311-musllinux_1_1_aarch64.whl", hash = "sha256:96ff0b2ad353d8f990b63294c8986f1ec3cb19d749234014f4e7eb0112ceba5a", size = 13885297, upload-time = "2024-02-05T23:53:42.16Z" },
    { url = "https://files.pythonhosted.org/packages/df/a0/4e0f14d847cfc2a633a1c8621d00724f3206cfeddeb66d35698c4e2cf3d2/numpy-1.26.4-cp311-cp311-musllinux_1_1_x86_64.whl", hash = "sha256:60dedbb91afcbfdc9bc0b1f3f402804070deed7392c23eb7a7f07fa857868e8a", size = 18093567, upload-time = "2024-02-05T23:54:11.696Z" },
]

[[package]]
name = "pyyaml"
version = "6.0.3"
source = { registry = "https://pypi.org/simple" }
sdist = { url = "https://files.pythonhosted.org/packages/05/8e/961c0007c59b8dd7729d542c61a4d537767a59645b82a0b521206e1e25c2/pyyaml-6.0.3.tar.gz", hash = "sha256:d76623373421df22fb4cf8817020cbb7ef15c725b9d5e45f17e189bfc384190f", size = 130960, upload-time = "2025-09-25T21:33:16.546Z" }
wheels = [
    { url = "https://files.pythonhosted.org/packages/0c/62/d2eb46264d4b157dae1275b573017abec435397aa59cbcdab6fc978a8af4/pyyaml-6.0.3-cp311-cp311-manylinux2014_aarch64.manylinux_2_17_aarch64.manylinux_2_28_aarch64.whl", hash = "sha256:10892704fc220243f5305762e276552a0395f7beb4dbf9b14ec8fd43b57f126c", size = 775556, upload-time = "2025-09-25T21:32:01.31Z" },
    { url = "https://files.pythonhosted.org/packages/10/cb/16c3f2cf3266edd25aaa00d6c4350381c8b012ed6f5276675b9eba8d9ff4/pyyaml-6.0.3-cp311-cp311-manylinux2014_s390x.manylinux_2_17_s390x.manylinux_2_28_s390x.whl", hash = "sha256:850774a7879607d3a6f50d36d04f00ee69e7fc816450e5f7e58d7f17f1ae5c00", size = 882114, upload-time = "2025-09-25T21:32:03.376Z" },
    { url = "https://files.pythonhosted.org/packages/71/60/917329f640924b18ff085ab889a11c763e0b573da888e8404ff486657602/pyyaml-6.0.3-cp311-cp311-manylinux2014_x86_64.manylinux_2_17_x86_64.manylinux_2_28_x86_64.whl", hash = "sha256:b8bb0864c5a28024fac8a632c443c87c5aa6f215c0b126c449ae1a150412f31d", size = 806638, upload-time = "2025-09-25T21:32:04.553Z" },
    { url = "https://files.pythonhosted.org/packages/dd/6f/529b0f316a9fd167281a6c3826b5583e6192dba792dd55e3203d3f8e655a/pyyaml-6.0.3-cp311-cp311-musllinux_1_2_aarch64.whl", hash = "sha256:1d37d57ad971609cf3c53ba6a7e365e40660e3be0e5175fa9f2365a379d6095a", size = 767463, upload-time = "2025-09-25T21:32:06.152Z" },
    { url = "https://files.pythonhosted.org/packages/f2/6a/b627b4e0c1dd03718543519ffb2f1deea4a1e6d42fbab8021936a4d22589/pyyaml-6.0.3-cp311-cp311-musllinux_1_2_x86_64.whl", hash = "sha256:37503bfbfc9d2c40b344d06b2199cf0e96e97957ab1c1b546fd4f87e53e5d3e4", size = 794986, upload-time = "2025-09-25T21:32:07.367Z" },
]

[[package]]
name = "tqdm"
version = "4.67.3"
source = { registry = "https://pypi.org/simple" }
sdist = { url = "https://files.pythonhosted.org/packages/09/a9/6ba95a270c6f1fbcd8dac228323f2777d886cb206987444e4bce66338dd4/tqdm-4.67.3.tar.gz", hash = "sha256:7d825f03f89244ef73f1d4ce193cb1774a8179fd96f31d7e1dcde62092b960bb", size = 169598, upload-time = "2026-02-03T17:35:53.048Z" }
wheels = [
    { url = "https://files.pythonhosted.org/packages/16/e1/3079a9ff9b8e11b846c6ac5c8b5bfb7ff225eee721825310c91b3b50304f/tqdm-4.67.3-py3-none-any.whl", hash = "sha256:ee1e4c0e59148062281c49d80b25b67771a127c85fc9676d3be5f243206826bf", size = 78374, upload-time = "2026-02-03T17:35:50.982Z" },
]
