version = 1
revision = 3
requires-python = "==3.11.*"

[[package]]
name = "eclipse-zenoh"
version = "1.9.0"
source = { registry = "https://pypi.org/simple" }
sdist = { url = "https://files.pythonhosted.org/packages/d9/42/c8502d0e77f74b9cf4c192a01e620b3d15273d371464485796807d202d9d/eclipse_zenoh-1.9.0.tar.gz", hash = "sha256:b0477ab431132ebfe1096eccac13ea0066d50d1528d726c8872c00e0345070d1", size = 164557, upload-time = "2026-04-10T13:23:35.883Z" }
wheels = [
    { url = "https://files.pythonhosted.org/packages/e7/3b/22b9104b0a022bd2b1627b4866876831585eda2eacb9ca1f3b4b8e847945/eclipse_zenoh-1.9.0-cp39-abi3-linux_armv6l.whl", hash = "sha256:15b6f37c407617ea4de32d32835cbcab4d1a116b892477490fc6c10a7d27c73b", size = 10664168, upload-time = "2026-04-10T13:23:15.008Z" },
    { url = "https://files.pythonhosted.org/packages/05/c5/ee0815c7ec49c5a29307cd935478305159bb3f0b2489f8c54fc6db3fdf36/eclipse_zenoh-1.9.0-cp39-abi3-macosx_10_12_x86_64.macosx_11_0_arm64.macosx_10_12_universal2.whl", hash = "sha256:6f66059b12e1ec53c70bc25192b0e74502751759064726dbb153ed6dd8f4dc8b", size = 19942168, upload-time = "2026-04-10T13:23:17.785Z" },
    { url = "https://files.pythonhosted.org/packages/7b/6a/42b83b4e8c262ebbb3bcae702394478326c807f54b3162130b0a603e1a01/eclipse_zenoh-1.9.0-cp39-abi3-macosx_10_12_x86_64.whl", hash = "sha256:180dd2a6da3b86b52e87f5e470a1f8a86db03c519978b22ffb1dc7c11f98ef3b", size = 10225694, upload-time = "2026-04-10T13:23:20.244Z" },
    { url = "https://files.pythonhosted.org/packages/27/57/28e66893801b63df36fea355a64b6fc22637e1148a952ee11e3039ae955e/eclipse_zenoh-1.9.0-cp39-abi3-manylinux_2_17_armv7l.manylinux2014_armv7l.whl", hash = "sha256:949d82851bc9e3ad646fd1307ee544ed23359dcfd18d4065075fc592f6ab6fa7", size = 10517069, upload-time = "2026-04-10T13:23:23.053Z" },
    { url = "https://files.pythonhosted.org/packages/f0/2f/be614f1f7f4e046da2764cd36227d19db3655839219744ce7a12e6e2dae6/eclipse_zenoh-1.9.0-cp39-abi3-manylinux_2_17_i686.manylinux2014_i686.whl", hash = "sha256:3a1fe847225cda21e3e74677cfd4ddfd2e72600d5a56968d4229d981c67f78d4", size = 11580068, upload-time = "2026-04-10T13:23:25.594Z" },
    { url = "https://files.pythonhosted.org/packages/58/1b/2a074d4f4595bd37c3d12f1b2ad49bceef5c8cd0962cbfd97d1d39f32e1f/eclipse_zenoh-1.9.0-cp39-abi3-manylinux_2_17_x86_64.manylinux2014_x86_64.whl", hash = "sha256:43299593891cfd648bca4b2aa00f3dca916508a49a0c9e6960902e6e867b247e", size = 10537556, upload-time = "2026-04-10T13:23:28.414Z" },
    { url = "https://files.pythonhosted.org/packages/ab/33/c3116f1bf7647ee0ea8972efbe0fe5710ae75ea7226440a8fda7f04a4cbc/eclipse_zenoh-1.9.0-cp39-abi3-manylinux_2_28_aarch64.whl", hash = "sha256:8c139a43706c8ff3c94fa625008af8667687c161a8395ad1fa3faff29c16fae4", size = 10721249, upload-time = "2026-04-10T13:23:30.843Z" },
    { url = "https://files.pythonhosted.org/packages/26/16/a94c4f37e3a088faadf4b5fbc64e5f69dea1023dc7efc49b3be0e0ecc953/eclipse_zenoh-1.9.0-cp39-abi3-win_amd64.whl", hash = "sha256:5dfb352eca4585b85edbbc84c6db58906008e202823ca280496c0b867f9719f0", size = 9124510, upload-time = "2026-04-10T13:23:34.119Z" },
]

[[package]]
name = "i4h-agentic-common"
version = "0.1.0"
source = { editable = "." }
dependencies = [
    { name = "eclipse-zenoh" },
    { name = "msgpack" },
    { name = "numpy" },
    { name = "pyyaml" },
]

[package.metadata]
requires-dist = [
    { name = "eclipse-zenoh" },
    { name = "msgpack", specifier = ">=1.0" },
    { name = "numpy", specifier = ">=1.23.5,<2" },
    { name = "pyyaml", specifier = ">=6.0" },
]

[[package]]
name = "msgpack"
version = "1.1.2"
source = { registry = "https://pypi.org/simple" }
sdist = { url = "https://files.pythonhosted.org/packages/4d/f2/bfb55a6236ed8725a96b0aa3acbd0ec17588e6a2c3b62a93eb513ed8783f/msgpack-1.1.2.tar.gz", hash = "sha256:3b60763c1373dd60f398488069bcdc703cd08a711477b5d480eecc9f9626f47e", size = 173581, upload-time = "2025-10-08T09:15:56.596Z" }
wheels = [
    { url = "https://files.pythonhosted.org/packages/2c/97/560d11202bcd537abca693fd85d81cebe2107ba17301de42b01ac1677b69/msgpack-1.1.2-cp311-cp311-macosx_10_9_x86_64.whl", hash = "sha256:2e86a607e558d22985d856948c12a3fa7b42efad264dca8a3ebbcfa2735d786c", size = 82271, upload-time = "2025-10-08T09:14:49.967Z" },
    { url = "https://files.pythonhosted.org/packages/83/04/28a41024ccbd67467380b6fb440ae916c1e4f25e2cd4c63abe6835ac566e/msgpack-1.1.2-cp311-cp311-macosx_11_0_arm64.whl", hash = "sha256:283ae72fc89da59aa004ba147e8fc2f766647b1251500182fac0350d8af299c0", size = 84914, upload-time = "2025-10-08T09:14:50.958Z" },
    { url = "https://files.pythonhosted.org/packages/71/46/b817349db6886d79e57a966346cf0902a426375aadc1e8e7a86a75e22f19/msgpack-1.1.2-cp311-cp311-manylinux2014_aarch64.manylinux_2_17_aarch64.manylinux_2_28_aarch64.whl", hash = "sha256:61c8aa3bd513d87c72ed0b37b53dd5c5a0f58f2ff9f26e1555d3bd7948fb7296", size = 416962, upload-time = "2025-10-08T09:14:51.997Z" },
    { url = "https://files.pythonhosted.org/packages/da/e0/6cc2e852837cd6086fe7d8406af4294e66827a60a4cf60b86575a4a65ca8/msgpack-1.1.2-cp311-cp311-manylinux2014_x86_64.manylinux_2_17_x86_64.manylinux_2_28_x86_64.whl", hash = "sha256:454e29e186285d2ebe65be34629fa0e8605202c60fbc7c4c650ccd41870896ef", size = 426183, upload-time = "2025-10-08T09:14:53.477Z" },
    { url = "https://files.pythonhosted.org/packages/25/98/6a19f030b3d2ea906696cedd1eb251708e50a5891d0978b012cb6107234c/msgpack-1.1.2-cp311-cp311-musllinux_1_2_aarch64.whl", hash = "sha256:7bc8813f88417599564fafa59fd6f95be417179f76b40325b500b3c98409757c", size = 411454, upload-time = "2025-10-08T09:14:54.648Z" },
    { url = "https://files.pythonhosted.org/packages/b7/cd/9098fcb6adb32187a70b7ecaabf6339da50553351558f37600e53a4a2a23/msgpack-1.1.2-cp311-cp311-musllinux_1_2_x86_64.whl", hash = "sha256:bafca952dc13907bdfdedfc6a5f579bf4f292bdd506fadb38389afa3ac5b208e", size = 422341, upload-time = "2025-10-08T09:14:56.328Z" },
    { url = "https://files.pythonhosted.org/packages/e6/ae/270cecbcf36c1dc85ec086b33a51a4d7d08fc4f404bdbc15b582255d05ff/msgpack-1.1.2-cp311-cp311-win32.whl", hash = "sha256:602b6740e95ffc55bfb078172d279de3773d7b7db1f703b2f1323566b878b90e", size = 64747, upload-time = "2025-10-08T09:14:57.882Z" },
    { url = "https://files.pythonhosted.org/packages/2a/79/309d0e637f6f37e83c711f547308b91af02b72d2326ddd860b966080ef29/msgpack-1.1.2-cp311-cp311-win_amd64.whl", hash = "sha256:d198d275222dc54244bf3327eb8cbe00307d220241d9cec4d306d49a44e85f68", size = 71633, upload-time = "2025-10-08T09:14:59.177Z" },
    { url = "https://files.pythonhosted.org/packages/73/4d/7c4e2b3d9b1106cd0aa6cb56cc57c6267f59fa8bfab7d91df5adc802c847/msgpack-1.1.2-cp311-cp311-win_arm64.whl", hash = "sha256:86f8136dfa5c116365a8a651a7d7484b65b13339731dd6faebb9a0242151c406", size = 64755, upload-time = "2025-10-08T09:15:00.48Z" },
]

[[package]]
name = "numpy"
version = "1.26.4"
source = { registry = "https://pypi.org/simple" }
sdist = { url = "https://files.pythonhosted.org/packages/65/6e/09db70a523a96d25e115e71cc56a6f9031e7b8cd166c1ac8438307c14058/numpy-1.26.4.tar.gz", hash = "sha256:2a02aba9ed12e4ac4eb3ea9421c420301a0c6460d9830d74a9df87efa4912010", size = 15786129, upload-time = "2024-02-06T00:26:44.495Z" }
wheels = [
    { url = "https://files.pythonhosted.org/packages/11/57/baae43d14fe163fa0e4c47f307b6b2511ab8d7d30177c491960504252053/numpy-1.26.4-cp311-cp311-macosx_10_9_x86_64.whl", hash = "sha256:4c66707fabe114439db9068ee468c26bbdf909cac0fb58686a42a24de1760c71", size = 20630554, upload-time = "2024-02-05T23:51:50.149Z" },
    { url = "https://files.pythonhosted.org/packages/1a/2e/151484f49fd03944c4a3ad9c418ed193cfd02724e138ac8a9505d056c582/numpy-1.26.4-cp311-cp311-macosx_11_0_arm64.whl", hash = "sha256:edd8b5fe47dab091176d21bb6de568acdd906d1887a4584a15a9a96a1dca06ef", size = 13997127, upload-time = "2024-02-05T23:52:15.314Z" },
    { url = "https://files.pythonhosted.org/packages/79/ae/7e5b85136806f9dadf4878bf73cf223fe5c2636818ba3ab1c585d0403164/numpy-1.26.4-cp311-cp311-manylinux_2_17_aarch64.manylinux2014_aarch64.whl", hash = "sha256:7ab55401287bfec946ced39700c053796e7cc0e3acbef09993a9ad2adba6ca6e", size = 14222994, upload-time = "2024-02-05T23:52:47.569Z" },
    { url = "https://files.pythonhosted.org/packages/3a/d0/edc009c27b406c4f9cbc79274d6e46d634d139075492ad055e3d68445925/numpy-1.26.4-cp311-cp311-manylinux_2_17_x86_64.manylinux2014_x86_64.whl", hash = "sha256:666dbfb6ec68962c033a450943ded891bed2d54e6755e35e5835d63f4f6931d5", size = 18252005, upload-time = "2024-02-05T23:53:15.637Z" },
    { url = "https://files.pythonhosted.org/packages/09/bf/2b1aaf8f525f2923ff6cfcf134ae5e750e279ac65ebf386c75a0cf6da06a/numpy-1.26.4-cp311-cp311-musllinux_1_1_aarch64.whl", hash = "sha256:96ff0b2ad353d8f990b63294c8986f1ec3cb19d749234014f4e7eb0112ceba5a", size = 13885297, upload-time = "2024-02-05T23:53:42.16Z" },
    { url = "https://files.pythonhosted.org/packages/df/a0/4e0f14d847cfc2a633a1c8621d00724f3206cfeddeb66d35698c4e2cf3d2/numpy-1.26.4-cp311-cp311-musllinux_1_1_x86_64.whl", hash = "sha256:60dedbb91afcbfdc9bc0b1f3f402804070deed7392c23eb7a7f07fa857868e8a", size = 18093567, upload-time = "2024-02-05T23:54:11.696Z" },
    { url = "https://files.pythonhosted.org/packages/d2/b7/a734c733286e10a7f1a8ad1ae8c90f2d33bf604a96548e0a4a3a6739b468/numpy-1.26.4-cp311-cp311-win32.whl", hash = "sha256:1af303d6b2210eb850fcf03064d364652b7120803a0b872f5211f5234b399f20", size = 5968812, upload-time = "2024-02-05T23:54:26.453Z" },
    { url = "https://files.pythonhosted.org/packages/3f/6b/5610004206cf7f8e7ad91c5a85a8c71b2f2f8051a0c0c4d5916b76d6cbb2/numpy-1.26.4-cp311-cp311-win_amd64.whl", hash = "sha256:cd25bcecc4974d09257ffcd1f098ee778f7834c3ad767fe5db785be9a4aa9cb2", size = 15811913, upload-time = "2024-02-05T23:54:53.933Z" },
]

[[package]]
name = "pyyaml"
version = "6.0.3"
source = { registry = "https://pypi.org/simple" }
sdist = { url = "https://files.pythonhosted.org/packages/05/8e/961c0007c59b8dd7729d542c61a4d537767a59645b82a0b521206e1e25c2/pyyaml-6.0.3.tar.gz", hash = "sha256:d76623373421df22fb4cf8817020cbb7ef15c725b9d5e45f17e189bfc384190f", size = 130960, upload-time = "2025-09-25T21:33:16.546Z" }
wheels = [
    { url = "https://files.pythonhosted.org/packages/6d/16/a95b6757765b7b031c9374925bb718d55e0a9ba8a1b6a12d25962ea44347/pyyaml-6.0.3-cp311-cp311-macosx_10_13_x86_64.whl", hash = "sha256:44edc647873928551a01e7a563d7452ccdebee747728c1080d881d68af7b997e", size = 185826, upload-time = "2025-09-25T21:31:58.655Z" },
    { url = "https://files.pythonhosted.org/packages/16/19/13de8e4377ed53079ee996e1ab0a9c33ec2faf808a4647b7b4c0d46dd239/pyyaml-6.0.3-cp311-cp311-macosx_11_0_arm64.whl", hash = "sha256:652cb6edd41e718550aad172851962662ff2681490a8a711af6a4d288dd96824", size = 175577, upload-time = "2025-09-25T21:32:00.088Z" },
    { url = "https://files.pythonhosted.org/packages/0c/62/d2eb46264d4b157dae1275b573017abec435397aa59cbcdab6fc978a8af4/pyyaml-6.0.3-cp311-cp311-manylinux2014_aarch64.manylinux_2_17_aarch64.manylinux_2_28_aarch64.whl", hash = "sha256:10892704fc220243f5305762e276552a0395f7beb4dbf9b14ec8fd43b57f126c", size = 775556, upload-time = "2025-09-25T21:32:01.31Z" },
    { url = "https://files.pythonhosted.org/packages/10/cb/16c3f2cf3266edd25aaa00d6c4350381c8b012ed6f5276675b9eba8d9ff4/pyyaml-6.0.3-cp311-cp311-manylinux2014_s390x.manylinux_2_17_s390x.manylinux_2_28_s390x.whl", hash = "sha256:850774a7879607d3a6f50d36d04f00ee69e7fc816450e5f7e58d7f17f1ae5c00", size = 882114, upload-time = "2025-09-25T21:32:03.376Z" },
    { url = "https://files.pythonhosted.org/packages/71/60/917329f640924b18ff085ab889a11c763e0b573da888e8404ff486657602/pyyaml-6.0.3-cp311-cp311-manylinux2014_x86_64.manylinux_2_17_x86_64.manylinux_2_28_x86_64.whl", hash = "sha256:b8bb0864c5a28024fac8a632c443c87c5aa6f215c0b126c449ae1a150412f31d", size = 806638, upload-time = "2025-09-25T21:32:04.553Z" },
    { url = "https://files.pythonhosted.org/packages/dd/6f/529b0f316a9fd167281a6c3826b5583e6192dba792dd55e3203d3f8e655a/pyyaml-6.0.3-cp311-cp311-musllinux_1_2_aarch64.whl", hash = "sha256:1d37d57ad971609cf3c53ba6a7e365e40660e3be0e5175fa9f2365a379d6095a", size = 767463, upload-time = "2025-09-25T21:32:06.152Z" },
    { url = "https://files.pythonhosted.org/packages/f2/6a/b627b4e0c1dd03718543519ffb2f1deea4a1e6d42fbab8021936a4d22589/pyyaml-6.0.3-cp311-cp311-musllinux_1_2_x86_64.whl", hash = "sha256:37503bfbfc9d2c40b344d06b2199cf0e96e97957ab1c1b546fd4f87e53e5d3e4", size = 794986, upload-time = "2025-09-25T21:32:07.367Z" },
    { url = "https://files.pythonhosted.org/packages/45/91/47a6e1c42d9ee337c4839208f30d9f09caa9f720ec7582917b264defc875/pyyaml-6.0.3-cp311-cp311-win32.whl", hash = "sha256:8098f252adfa6c80ab48096053f512f2321f0b998f98150cea9bd23d83e1467b", size = 142543, upload-time = "2025-09-25T21:32:08.95Z" },
    { url = "https://files.pythonhosted.org/packages/da/e3/ea007450a105ae919a72393cb06f122f288ef60bba2dc64b26e2646fa315/pyyaml-6.0.3-cp311-cp311-win_amd64.whl", hash = "sha256:9f3bfb4965eb874431221a3ff3fdcddc7e74e3b07799e0e84ca4a0f867d449bf", size = 158763, upload-time = "2025-09-25T21:32:09.96Z" },
]
